
Microsoft Visual Studio Solution File, Format Version 12.00
# Visual Studio 15
VisualStudioVersion = 15.0.28307.779
MinimumVisualStudioVersion = 10.0.40219.1
Project("{FAE04EC0-301F-11D3-BF4B-00C04F79EFBC}") = "Tinh tong3", "Tinh tong3\Tinh tong3.csproj", "{F864F302-759A-4FB6-9BC6-80435E9FAA49}"
EndProject
Global
	GlobalSection(SolutionConfigurationPlatforms) = preSolution
		Debug|Any CPU = Debug|Any CPU
		Release|Any CPU = Release|Any CPU
	EndGlobalSection
	GlobalSection(ProjectConfigurationPlatforms) = postSolution
		{F864F302-759A-4FB6-9BC6-80435E9FAA49}.Debug|Any CPU.ActiveCfg = Debug|Any CPU
		{F864F302-759A-4FB6-9BC6-80435E9FAA49}.Debug|Any CPU.Build.0 = Debug|Any CPU
		{F864F302-759A-4FB6-9BC6-80435E9FAA49}.Release|Any CPU.ActiveCfg = Release|Any CPU
		{F864F302-759A-4FB6-9BC6-80435E9FAA49}.Release|Any CPU.Build.0 = Release|Any CPU
	EndGlobalSection
	GlobalSection(SolutionProperties) = preSolution
		HideSolutionNode = FALSE
	EndGlobalSection
	GlobalSection(ExtensibilityGlobals) = postSolution
		SolutionGuid = {3245B770-0866-4E02-B368-3EEDB6869A0F}
	EndGlobalSection
EndGlobal
